
Microsoft Visual Studio Solution File, Format Version 12.00
# Visual Studio Version 17
VisualStudioVersion = 17.11.35312.102
MinimumVisualStudioVersion = 10.0.40219.1
Project("{9A19103F-16F7-4668-BE54-9A1E7A4F7556}") = "EY.API", "EY.API\EY.API.csproj", "{16BBC267-D68D-4F0F-8EE0-BEE6D8123808}"
EndProject
Project("{9A19103F-16F7-4668-BE54-9A1E7A4F7556}") = "EY.Tests", "EY.Tests\EY.Tests.csproj", "{B864770A-1AC5-497B-881A-DE08BE6AF9B7}"
EndProject
Project("{9A19103F-16F7-4668-BE54-9A1E7A4F7556}") = "EY.Shared", "EY.Shared\EY.Shared.csproj", "{C0E36023-21BB-4EB7-B5FA-37993359129F}"
EndProject
Project("{9A19103F-16F7-4668-BE54-9A1E7A4F7556}") = "EY.Domain", "EY.Domain\EY.Domain.csproj", "{113ED9C5-C22A-49B9-9A54-40ED8ECB6C71}"
EndProject
Project("{9A19103F-16F7-4668-BE54-9A1E7A4F7556}") = "EY.Infrastructure", "EY.Infrastructure\EY.Infrastructure.csproj", "{E3E83815-C103-425A-921C-CA42C3DA5EC6}"
EndProject
Project("{9A19103F-16F7-4668-BE54-9A1E7A4F7556}") = "EY.Business", "EY.Business\EY.Business.csproj", "{9AA74BDA-F8F9-4D0D-B9E3-0CAA8B01F14D}"
EndProject
Project("{9A19103F-16F7-4668-BE54-9A1E7A4F7556}") = "EY.IntegrationTests", "EY.IntegrationTests\EY.IntegrationTests.csproj", "{37C4CCBB-B40C-4253-9F5C-BCEDC8F3CD2F}"
EndProject
Project("{E53339B2-1760-4266-BCC7-CA923CBCF16C}") = "docker-compose", "docker-compose.dcproj", "{EE542D98-F82D-4FCD-938B-25FF5389711C}"
EndProject
Project("{2150E333-8FDC-42A3-9474-1A3956D46DE8}") = "Itens de Solução", "Itens de Solução", "{2AD82693-74BA-49A7-9D0D-E38EEFE90F31}"
	ProjectSection(SolutionItems) = preProject
		prometheus-config.yml = prometheus-config.yml
		stryker-config.json = stryker-config.json
		grafana-datasources.yml = grafana-datasources.yml
	EndProjectSection
EndProject
Project("{2150E333-8FDC-42A3-9474-1A3956D46DE8}") = "certs", "certs", "{32762A3A-465A-45EB-88A2-E066146E7C18}"
	ProjectSection(SolutionItems) = preProject
		..\..\..\prometheus.crt = ..\..\..\prometheus.crt
		..\..\..\prometheus.key = ..\..\..\prometheus.key
	EndProjectSection
EndProject
Global
	GlobalSection(SolutionConfigurationPlatforms) = preSolution
		Debug|Any CPU = Debug|Any CPU
		Release|Any CPU = Release|Any CPU
	EndGlobalSection
	GlobalSection(ProjectConfigurationPlatforms) = postSolution
		{16BBC267-D68D-4F0F-8EE0-BEE6D8123808}.Debug|Any CPU.ActiveCfg = Debug|Any CPU
		{16BBC267-D68D-4F0F-8EE0-BEE6D8123808}.Debug|Any CPU.Build.0 = Debug|Any CPU
		{16BBC267-D68D-4F0F-8EE0-BEE6D8123808}.Release|Any CPU.ActiveCfg = Release|Any CPU
		{16BBC267-D68D-4F0F-8EE0-BEE6D8123808}.Release|Any CPU.Build.0 = Release|Any CPU
		{B864770A-1AC5-497B-881A-DE08BE6AF9B7}.Debug|Any CPU.ActiveCfg = Debug|Any CPU
		{B864770A-1AC5-497B-881A-DE08BE6AF9B7}.Debug|Any CPU.Build.0 = Debug|Any CPU
		{B864770A-1AC5-497B-881A-DE08BE6AF9B7}.Release|Any CPU.ActiveCfg = Release|Any CPU
		{B864770A-1AC5-497B-881A-DE08BE6AF9B7}.Release|Any CPU.Build.0 = Release|Any CPU
		{C0E36023-21BB-4EB7-B5FA-37993359129F}.Debug|Any CPU.ActiveCfg = Debug|Any CPU
		{C0E36023-21BB-4EB7-B5FA-37993359129F}.Debug|Any CPU.Build.0 = Debug|Any CPU
		{C0E36023-21BB-4EB7-B5FA-37993359129F}.Release|Any CPU.ActiveCfg = Release|Any CPU
		{C0E36023-21BB-4EB7-B5FA-37993359129F}.Release|Any CPU.Build.0 = Release|Any CPU
		{113ED9C5-C22A-49B9-9A54-40ED8ECB6C71}.Debug|Any CPU.ActiveCfg = Debug|Any CPU
		{113ED9C5-C22A-49B9-9A54-40ED8ECB6C71}.Debug|Any CPU.Build.0 = Debug|Any CPU
		{113ED9C5-C22A-49B9-9A54-40ED8ECB6C71}.Release|Any CPU.ActiveCfg = Release|Any CPU
		{113ED9C5-C22A-49B9-9A54-40ED8ECB6C71}.Release|Any CPU.Build.0 = Release|Any CPU
		{E3E83815-C103-425A-921C-CA42C3DA5EC6}.Debug|Any CPU.ActiveCfg = Debug|Any CPU
		{E3E83815-C103-425A-921C-CA42C3DA5EC6}.Debug|Any CPU.Build.0 = Debug|Any CPU
		{E3E83815-C103-425A-921C-CA42C3DA5EC6}.Release|Any CPU.ActiveCfg = Release|Any CPU
		{E3E83815-C103-425A-921C-CA42C3DA5EC6}.Release|Any CPU.Build.0 = Release|Any CPU
		{9AA74BDA-F8F9-4D0D-B9E3-0CAA8B01F14D}.Debug|Any CPU.ActiveCfg = Debug|Any CPU
		{9AA74BDA-F8F9-4D0D-B9E3-0CAA8B01F14D}.Debug|Any CPU.Build.0 = Debug|Any CPU
		{9AA74BDA-F8F9-4D0D-B9E3-0CAA8B01F14D}.Release|Any CPU.ActiveCfg = Release|Any CPU
		{9AA74BDA-F8F9-4D0D-B9E3-0CAA8B01F14D}.Release|Any CPU.Build.0 = Release|Any CPU
		{37C4CCBB-B40C-4253-9F5C-BCEDC8F3CD2F}.Debug|Any CPU.ActiveCfg = Debug|Any CPU
		{37C4CCBB-B40C-4253-9F5C-BCEDC8F3CD2F}.Debug|Any CPU.Build.0 = Debug|Any CPU
		{37C4CCBB-B40C-4253-9F5C-BCEDC8F3CD2F}.Release|Any CPU.ActiveCfg = Release|Any CPU
		{37C4CCBB-B40C-4253-9F5C-BCEDC8F3CD2F}.Release|Any CPU.Build.0 = Release|Any CPU
		{EE542D98-F82D-4FCD-938B-25FF5389711C}.Debug|Any CPU.ActiveCfg = Debug|Any CPU
		{EE542D98-F82D-4FCD-938B-25FF5389711C}.Debug|Any CPU.Build.0 = Debug|Any CPU
		{EE542D98-F82D-4FCD-938B-25FF5389711C}.Release|Any CPU.ActiveCfg = Release|Any CPU
		{EE542D98-F82D-4FCD-938B-25FF5389711C}.Release|Any CPU.Build.0 = Release|Any CPU
	EndGlobalSection
	GlobalSection(SolutionProperties) = preSolution
		HideSolutionNode = FALSE
	EndGlobalSection
	GlobalSection(ExtensibilityGlobals) = postSolution
		SolutionGuid = {26C45CF6-8928-4B2D-A0C2-4C7BBC2C1B6D}
	EndGlobalSection
EndGlobal
